
Microsoft Visual Studio Solution File, Format Version 12.00
# Visual Studio Version 17
VisualStudioVersion = 17.12.35527.113
MinimumVisualStudioVersion = 10.0.40219.1
Project("{FAE04EC0-301F-11D3-BF4B-00C04F79EFBC}") = "Demo.Api", "src\Demo.Api\Demo.Api.csproj", "{16686402-75AC-4785-8A84-9753A3E3388E}"
EndProject
Project("{FAE04EC0-301F-11D3-BF4B-00C04F79EFBC}") = "Demo.Core", "src\Demo.Core\Demo.Core.csproj", "{8C9DF701-0B7F-4C89-8B2F-C6C907D1CB32}"
EndProject
Project("{FAE04EC0-301F-11D3-BF4B-00C04F79EFBC}") = "Demo.Bll", "src\Demo.Bll\Demo.Bll.csproj", "{5EFD1B90-3708-4969-AB26-F06F7538A6D7}"
EndProject
Global
	GlobalSection(SolutionConfigurationPlatforms) = preSolution
		Debug|Any CPU = Debug|Any CPU
		Release|Any CPU = Release|Any CPU
	EndGlobalSection
	GlobalSection(ProjectConfigurationPlatforms) = postSolution
		{16686402-75AC-4785-8A84-9753A3E3388E}.Debug|Any CPU.ActiveCfg = Debug|Any CPU
		{16686402-75AC-4785-8A84-9753A3E3388E}.Debug|Any CPU.Build.0 = Debug|Any CPU
		{16686402-75AC-4785-8A84-9753A3E3388E}.Release|Any CPU.ActiveCfg = Release|Any CPU
		{16686402-75AC-4785-8A84-9753A3E3388E}.Release|Any CPU.Build.0 = Release|Any CPU
		{8C9DF701-0B7F-4C89-8B2F-C6C907D1CB32}.Debug|Any CPU.ActiveCfg = Debug|Any CPU
		{8C9DF701-0B7F-4C89-8B2F-C6C907D1CB32}.Debug|Any CPU.Build.0 = Debug|Any CPU
		{8C9DF701-0B7F-4C89-8B2F-C6C907D1CB32}.Release|Any CPU.ActiveCfg = Release|Any CPU
		{8C9DF701-0B7F-4C89-8B2F-C6C907D1CB32}.Release|Any CPU.Build.0 = Release|Any CPU
		{5EFD1B90-3708-4969-AB26-F06F7538A6D7}.Debug|Any CPU.ActiveCfg = Debug|Any CPU
		{5EFD1B90-3708-4969-AB26-F06F7538A6D7}.Debug|Any CPU.Build.0 = Debug|Any CPU
		{5EFD1B90-3708-4969-AB26-F06F7538A6D7}.Release|Any CPU.ActiveCfg = Release|Any CPU
		{5EFD1B90-3708-4969-AB26-F06F7538A6D7}.Release|Any CPU.Build.0 = Release|Any CPU
	EndGlobalSection
	GlobalSection(SolutionProperties) = preSolution
		HideSolutionNode = FALSE
	EndGlobalSection
EndGlobal
